
Microsoft Visual Studio Solution File, Format Version 12.00
# Visual Studio 15
VisualStudioVersion = 15.0.28307.1062
MinimumVisualStudioVersion = 10.0.40219.1
Project("{FAE04EC0-301F-11D3-BF4B-00C04F79EFBC}") = "MethSimoson3div8", "MethSimoson3div8\MethSimoson3div8.csproj", "{2D90CD96-C50B-4C20-8676-6A85C0164478}"
EndProject
Global
	GlobalSection(SolutionConfigurationPlatforms) = preSolution
		Debug|Any CPU = Debug|Any CPU
		Release|Any CPU = Release|Any CPU
	EndGlobalSection
	GlobalSection(ProjectConfigurationPlatforms) = postSolution
		{2D90CD96-C50B-4C20-8676-6A85C0164478}.Debug|Any CPU.ActiveCfg = Debug|Any CPU
		{2D90CD96-C50B-4C20-8676-6A85C0164478}.Debug|Any CPU.Build.0 = Debug|Any CPU
		{2D90CD96-C50B-4C20-8676-6A85C0164478}.Release|Any CPU.ActiveCfg = Release|Any CPU
		{2D90CD96-C50B-4C20-8676-6A85C0164478}.Release|Any CPU.Build.0 = Release|Any CPU
	EndGlobalSection
	GlobalSection(SolutionProperties) = preSolution
		HideSolutionNode = FALSE
	EndGlobalSection
	GlobalSection(ExtensibilityGlobals) = postSolution
		SolutionGuid = {6E3CB079-222B-4974-89AF-26B86807960E}
	EndGlobalSection
EndGlobal
